Microsoft Visual Studio Solution File, Format Version 12.00
# Visual Studio Version 17
VisualStudioVersion = 17.5.2.0
MinimumVisualStudioVersion = 10.0.40219.1
Project("{FAE04EC0-301F-11D3-BF4B-00C04F79EFBC}") = "KeepModding", "KeepModding.csproj", "{1F967C71-D666-C24F-61F6-FE91842CDBDE}"
EndProject
Global
	GlobalSection(SolutionConfigurationPlatforms) = preSolution
		Debug|Any CPU = Debug|Any CPU
		Release|Any CPU = Release|Any CPU
	EndGlobalSection
	GlobalSection(ProjectConfigurationPlatforms) = postSolution
		{1F967C71-D666-C24F-61F6-FE91842CDBDE}.Debug|Any CPU.ActiveCfg = Debug|Any CPU
		{1F967C71-D666-C24F-61F6-FE91842CDBDE}.Debug|Any CPU.Build.0 = Debug|Any CPU
		{1F967C71-D666-C24F-61F6-FE91842CDBDE}.Release|Any CPU.ActiveCfg = Release|Any CPU
		{1F967C71-D666-C24F-61F6-FE91842CDBDE}.Release|Any CPU.Build.0 = Release|Any CPU
	EndGlobalSection
	GlobalSection(SolutionProperties) = preSolution
		HideSolutionNode = FALSE
	EndGlobalSection
	GlobalSection(ExtensibilityGlobals) = postSolution
		SolutionGuid = {25D9977C-D494-4A25-91BB-02751ECC9732}
	EndGlobalSection
EndGlobal
